
Microsoft Visual Studio Solution File, Format Version 12.00
# Visual Studio 15
VisualStudioVersion = 15.0.27703.2000
MinimumVisualStudioVersion = 10.0.40219.1
Project("{FAE04EC0-301F-11D3-BF4B-00C04F79EFBC}") = "DemoSMS.Android", "DemoSMS\DemoSMS.Android\DemoSMS.Android.csproj", "{F7139215-6E52-4D0D-BE6E-6A4D9F7BDC61}"
EndProject
Project("{FAE04EC0-301F-11D3-BF4B-00C04F79EFBC}") = "DemoSMS.iOS", "DemoSMS\DemoSMS.iOS\DemoSMS.iOS.csproj", "{9F4B1E87-81D6-4C73-984C-46EF06E06FDF}"
EndProject
Project("{FAE04EC0-301F-11D3-BF4B-00C04F79EFBC}") = "DemoSMS", "DemoSMS\DemoSMS\DemoSMS.csproj", "{A0A886CD-402E-400D-9C77-4DB5B950768C}"
EndProject
Global
	GlobalSection(SolutionConfigurationPlatforms) = preSolution
		Ad-Hoc|Any CPU = Ad-Hoc|Any CPU
		Ad-Hoc|iPhone = Ad-Hoc|iPhone
		Ad-Hoc|iPhoneSimulator = Ad-Hoc|iPhoneSimulator
		AppStore|Any CPU = AppStore|Any CPU
		AppStore|iPhone = AppStore|iPhone
		AppStore|iPhoneSimulator = AppStore|iPhoneSimulator
		Debug|Any CPU = Debug|Any CPU
		Debug|iPhone = Debug|iPhone
		Debug|iPhoneSimulator = Debug|iPhoneSimulator
		Release|Any CPU = Release|Any CPU
		Release|iPhone = Release|iPhone
		Release|iPhoneSimulator = Release|iPhoneSimulator
	EndGlobalSection
	GlobalSection(ProjectConfigurationPlatforms) = postSolution
		{F7139215-6E52-4D0D-BE6E-6A4D9F7BDC61}.Ad-Hoc|Any CPU.ActiveCfg = Release|Any CPU
		{F7139215-6E52-4D0D-BE6E-6A4D9F7BDC61}.Ad-Hoc|Any CPU.Build.0 = Release|Any CPU
		{F7139215-6E52-4D0D-BE6E-6A4D9F7BDC61}.Ad-Hoc|Any CPU.Deploy.0 = Release|Any CPU
		{F7139215-6E52-4D0D-BE6E-6A4D9F7BDC61}.Ad-Hoc|iPhone.ActiveCfg = Release|Any CPU
		{F7139215-6E52-4D0D-BE6E-6A4D9F7BDC61}.Ad-Hoc|iPhone.Build.0 = Release|Any CPU
		{F7139215-6E52-4D0D-BE6E-6A4D9F7BDC61}.Ad-Hoc|iPhone.Deploy.0 = Release|Any CPU
		{F7139215-6E52-4D0D-BE6E-6A4D9F7BDC61}.Ad-Hoc|iPhoneSimulator.ActiveCfg = Release|Any CPU
		{F7139215-6E52-4D0D-BE6E-6A4D9F7BDC61}.Ad-Hoc|iPhoneSimulator.Build.0 = Release|Any CPU
		{F7139215-6E52-4D0D-BE6E-6A4D9F7BDC61}.Ad-Hoc|iPhoneSimulator.Deploy.0 = Release|Any CPU
		{F7139215-6E52-4D0D-BE6E-6A4D9F7BDC61}.AppStore|Any CPU.ActiveCfg = Release|Any CPU
		{F7139215-6E52-4D0D-BE6E-6A4D9F7BDC61}.AppStore|Any CPU.Build.0 = Release|Any CPU
		{F7139215-6E52-4D0D-BE6E-6A4D9F7BDC61}.AppStore|Any CPU.Deploy.0 = Release|Any CPU
		{F7139215-6E52-4D0D-BE6E-6A4D9F7BDC61}.AppStore|iPhone.ActiveCfg = Release|Any CPU
		{F7139215-6E52-4D0D-BE6E-6A4D9F7BDC61}.AppStore|iPhone.Build.0 = Release|Any CPU
		{F7139215-6E52-4D0D-BE6E-6A4D9F7BDC61}.AppStore|iPhone.Deploy.0 = Release|Any CPU
		{F7139215-6E52-4D0D-BE6E-6A4D9F7BDC61}.AppStore|iPhoneSimulator.ActiveCfg = Release|Any CPU
		{F7139215-6E52-4D0D-BE6E-6A4D9F7BDC61}.AppStore|iPhoneSimulator.Build.0 = Release|Any CPU
		{F7139215-6E52-4D0D-BE6E-6A4D9F7BDC61}.AppStore|iPhoneSimulator.Deploy.0 = Release|Any CPU
		{F7139215-6E52-4D0D-BE6E-6A4D9F7BDC61}.Debug|Any CPU.ActiveCfg = Debug|Any CPU
		{F7139215-6E52-4D0D-BE6E-6A4D9F7BDC61}.Debug|Any CPU.Build.0 = Debug|Any CPU
		{F7139215-6E52-4D0D-BE6E-6A4D9F7BDC61}.Debug|Any CPU.Deploy.0 = Debug|Any CPU
		{F7139215-6E52-4D0D-BE6E-6A4D9F7BDC61}.Debug|iPhone.ActiveCfg = Debug|Any CPU
		{F7139215-6E52-4D0D-BE6E-6A4D9F7BDC61}.Debug|iPhone.Build.0 = Debug|Any CPU
		{F7139215-6E52-4D0D-BE6E-6A4D9F7BDC61}.Debug|iPhone.Deploy.0 = Debug|Any CPU
		{F7139215-6E52-4D0D-BE6E-6A4D9F7BDC61}.Debug|iPhoneSimulator.ActiveCfg = Debug|Any CPU
		{F7139215-6E52-4D0D-BE6E-6A4D9F7BDC61}.Debug|iPhoneSimulator.Build.0 = Debug|Any CPU
		{F7139215-6E52-4D0D-BE6E-6A4D9F7BDC61}.Debug|iPhoneSimulator.Deploy.0 = Debug|Any CPU
		{F7139215-6E52-4D0D-BE6E-6A4D9F7BDC61}.Release|Any CPU.ActiveCfg = Release|Any CPU
		{F7139215-6E52-4D0D-BE6E-6A4D9F7BDC61}.Release|Any CPU.Build.0 = Release|Any CPU
		{F7139215-6E52-4D0D-BE6E-6A4D9F7BDC61}.Release|Any CPU.Deploy.0 = Release|Any CPU
		{F7139215-6E52-4D0D-BE6E-6A4D9F7BDC61}.Release|iPhone.ActiveCfg = Release|Any CPU
		{F7139215-6E52-4D0D-BE6E-6A4D9F7BDC61}.Release|iPhone.Build.0 = Release|Any CPU
		{F7139215-6E52-4D0D-BE6E-6A4D9F7BDC61}.Release|iPhone.Deploy.0 = Release|Any CPU
		{F7139215-6E52-4D0D-BE6E-6A4D9F7BDC61}.Release|iPhoneSimulator.ActiveCfg = Release|Any CPU
		{F7139215-6E52-4D0D-BE6E-6A4D9F7BDC61}.Release|iPhoneSimulator.Build.0 = Release|Any CPU
		{F7139215-6E52-4D0D-BE6E-6A4D9F7BDC61}.Release|iPhoneSimulator.Deploy.0 = Release|Any CPU
		{9F4B1E87-81D6-4C73-984C-46EF06E06FDF}.Ad-Hoc|Any CPU.ActiveCfg = Ad-Hoc|iPhone
		{9F4B1E87-81D6-4C73-984C-46EF06E06FDF}.Ad-Hoc|Any CPU.Build.0 = Ad-Hoc|iPhone
		{9F4B1E87-81D6-4C73-984C-46EF06E06FDF}.Ad-Hoc|Any CPU.Deploy.0 = Ad-Hoc|iPhone
		{9F4B1E87-81D6-4C73-984C-46EF06E06FDF}.Ad-Hoc|iPhone.ActiveCfg = Ad-Hoc|iPhone
		{9F4B1E87-81D6-4C73-984C-46EF06E06FDF}.Ad-Hoc|iPhone.Build.0 = Ad-Hoc|iPhone
		{9F4B1E87-81D6-4C73-984C-46EF06E06FDF}.Ad-Hoc|iPhone.Deploy.0 = Ad-Hoc|iPhone
		{9F4B1E87-81D6-4C73-984C-46EF06E06FDF}.Ad-Hoc|iPhoneSimulator.ActiveCfg = Ad-Hoc|iPhoneSimulator
		{9F4B1E87-81D6-4C73-984C-46EF06E06FDF}.Ad-Hoc|iPhoneSimulator.Build.0 = Ad-Hoc|iPhoneSimulator
		{9F4B1E87-81D6-4C73-984C-46EF06E06FDF}.Ad-Hoc|iPhoneSimulator.Deploy.0 = Ad-Hoc|iPhoneSimulator
		{9F4B1E87-81D6-4C73-984C-46EF06E06FDF}.AppStore|Any CPU.ActiveCfg = AppStore|iPhone
		{9F4B1E87-81D6-4C73-984C-46EF06E06FDF}.AppStore|Any CPU.Build.0 = AppStore|iPhone
		{9F4B1E87-81D6-4C73-984C-46EF06E06FDF}.AppStore|Any CPU.Deploy.0 = AppStore|iPhone
		{9F4B1E87-81D6-4C73-984C-46EF06E06FDF}.AppStore|iPhone.ActiveCfg = AppStore|iPhone
		{9F4B1E87-81D6-4C73-984C-46EF06E06FDF}.AppStore|iPhone.Build.0 = AppStore|iPhone
		{9F4B1E87-81D6-4C73-984C-46EF06E06FDF}.AppStore|iPhone.Deploy.0 = AppStore|iPhone
		{9F4B1E87-81D6-4C73-984C-46EF06E06FDF}.AppStore|iPhoneSimulator.ActiveCfg = AppStore|iPhoneSimulator
		{9F4B1E87-81D6-4C73-984C-46EF06E06FDF}.AppStore|iPhoneSimulator.Build.0 = AppStore|iPhoneSimulator
		{9F4B1E87-81D6-4C73-984C-46EF06E06FDF}.AppStore|iPhoneSimulator.Deploy.0 = AppStore|iPhoneSimulator
		{9F4B1E87-81D6-4C73-984C-46EF06E06FDF}.Debug|Any CPU.ActiveCfg = Debug|iPhoneSimulator
		{9F4B1E87-81D6-4C73-984C-46EF06E06FDF}.Debug|Any CPU.Build.0 = Debug|iPhoneSimulator
		{9F4B1E87-81D6-4C73-984C-46EF06E06FDF}.Debug|Any CPU.Deploy.0 = Debug|iPhoneSimulator
		{9F4B1E87-81D6-4C73-984C-46EF06E06FDF}.Debug|iPhone.ActiveCfg = Debug|iPhone
		{9F4B1E87-81D6-4C73-984C-46EF06E06FDF}.Debug|iPhone.Build.0 = Debug|iPhone
		{9F4B1E87-81D6-4C73-984C-46EF06E06FDF}.Debug|iPhone.Deploy.0 = Debug|iPhone
		{9F4B1E87-81D6-4C73-984C-46EF06E06FDF}.Debug|iPhoneSimulator.ActiveCfg = Debug|iPhoneSimulator
		{9F4B1E87-81D6-4C73-984C-46EF06E06FDF}.Debug|iPhoneSimulator.Build.0 = Debug|iPhoneSimulator
		{9F4B1E87-81D6-4C73-984C-46EF06E06FDF}.Debug|iPhoneSimulator.Deploy.0 = Debug|iPhoneSimulator
		{9F4B1E87-81D6-4C73-984C-46EF06E06FDF}.Release|Any CPU.ActiveCfg = Release|iPhone
		{9F4B1E87-81D6-4C73-984C-46EF06E06FDF}.Release|Any CPU.Build.0 = Release|iPhone
		{9F4B1E87-81D6-4C73-984C-46EF06E06FDF}.Release|Any CPU.Deploy.0 = Release|iPhone
		{9F4B1E87-81D6-4C73-984C-46EF06E06FDF}.Release|iPhone.ActiveCfg = Release|iPhone
		{9F4B1E87-81D6-4C73-984C-46EF06E06FDF}.Release|iPhone.Build.0 = Release|iPhone
		{9F4B1E87-81D6-4C73-984C-46EF06E06FDF}.Release|iPhone.Deploy.0 = Release|iPhone
		{9F4B1E87-81D6-4C73-984C-46EF06E06FDF}.Release|iPhoneSimulator.ActiveCfg = Release|iPhoneSimulator
		{9F4B1E87-81D6-4C73-984C-46EF06E06FDF}.Release|iPhoneSimulator.Build.0 = Release|iPhoneSimulator
		{9F4B1E87-81D6-4C73-984C-46EF06E06FDF}.Release|iPhoneSimulator.Deploy.0 = Release|iPhoneSimulator
		{A0A886CD-402E-400D-9C77-4DB5B950768C}.Ad-Hoc|Any CPU.ActiveCfg = Debug|Any CPU
		{A0A886CD-402E-400D-9C77-4DB5B950768C}.Ad-Hoc|Any CPU.Build.0 = Debug|Any CPU
		{A0A886CD-402E-400D-9C77-4DB5B950768C}.Ad-Hoc|Any CPU.Deploy.0 = Debug|Any CPU
		{A0A886CD-402E-400D-9C77-4DB5B950768C}.Ad-Hoc|iPhone.ActiveCfg = Debug|Any CPU
		{A0A886CD-402E-400D-9C77-4DB5B950768C}.Ad-Hoc|iPhone.Build.0 = Debug|Any CPU
		{A0A886CD-402E-400D-9C77-4DB5B950768C}.Ad-Hoc|iPhone.Deploy.0 = Debug|Any CPU
		{A0A886CD-402E-400D-9C77-4DB5B950768C}.Ad-Hoc|iPhoneSimulator.ActiveCfg = Debug|Any CPU
		{A0A886CD-402E-400D-9C77-4DB5B950768C}.Ad-Hoc|iPhoneSimulator.Build.0 = Debug|Any CPU
		{A0A886CD-402E-400D-9C77-4DB5B950768C}.Ad-Hoc|iPhoneSimulator.Deploy.0 = Debug|Any CPU
		{A0A886CD-402E-400D-9C77-4DB5B950768C}.AppStore|Any CPU.ActiveCfg = Debug|Any CPU
		{A0A886CD-402E-400D-9C77-4DB5B950768C}.AppStore|Any CPU.Build.0 = Debug|Any CPU
		{A0A886CD-402E-400D-9C77-4DB5B950768C}.AppStore|Any CPU.Deploy.0 = Debug|Any CPU
		{A0A886CD-402E-400D-9C77-4DB5B950768C}.AppStore|iPhone.ActiveCfg = Debug|Any CPU
		{A0A886CD-402E-400D-9C77-4DB5B950768C}.AppStore|iPhone.Build.0 = Debug|Any CPU
		{A0A886CD-402E-400D-9C77-4DB5B950768C}.AppStore|iPhone.Deploy.0 = Debug|Any CPU
		{A0A886CD-402E-400D-9C77-4DB5B950768C}.AppStore|iPhoneSimulator.ActiveCfg = Debug|Any CPU
		{A0A886CD-402E-400D-9C77-4DB5B950768C}.AppStore|iPhoneSimulator.Build.0 = Debug|Any CPU
		{A0A886CD-402E-400D-9C77-4DB5B950768C}.AppStore|iPhoneSimulator.Deploy.0 = Debug|Any CPU
		{A0A886CD-402E-400D-9C77-4DB5B950768C}.Debug|Any CPU.ActiveCfg = Debug|Any CPU
		{A0A886CD-402E-400D-9C77-4DB5B950768C}.Debug|Any CPU.Build.0 = Debug|Any CPU
		{A0A886CD-402E-400D-9C77-4DB5B950768C}.Debug|Any CPU.Deploy.0 = Debug|Any CPU
		{A0A886CD-402E-400D-9C77-4DB5B950768C}.Debug|iPhone.ActiveCfg = Debug|Any CPU
		{A0A886CD-402E-400D-9C77-4DB5B950768C}.Debug|iPhone.Build.0 = Debug|Any CPU
		{A0A886CD-402E-400D-9C77-4DB5B950768C}.Debug|iPhone.Deploy.0 = Debug|Any CPU
		{A0A886CD-402E-400D-9C77-4DB5B950768C}.Debug|iPhoneSimulator.ActiveCfg = Debug|Any CPU
		{A0A886CD-402E-400D-9C77-4DB5B950768C}.Debug|iPhoneSimulator.Build.0 = Debug|Any CPU
		{A0A886CD-402E-400D-9C77-4DB5B950768C}.Debug|iPhoneSimulator.Deploy.0 = Debug|Any CPU
		{A0A886CD-402E-400D-9C77-4DB5B950768C}.Release|Any CPU.ActiveCfg = Release|Any CPU
		{A0A886CD-402E-400D-9C77-4DB5B950768C}.Release|Any CPU.Build.0 = Release|Any CPU
		{A0A886CD-402E-400D-9C77-4DB5B950768C}.Release|Any CPU.Deploy.0 = Release|Any CPU
		{A0A886CD-402E-400D-9C77-4DB5B950768C}.Release|iPhone.ActiveCfg = Release|Any CPU
		{A0A886CD-402E-400D-9C77-4DB5B950768C}.Release|iPhone.Build.0 = Release|Any CPU
		{A0A886CD-402E-400D-9C77-4DB5B950768C}.Release|iPhone.Deploy.0 = Release|Any CPU
		{A0A886CD-402E-400D-9C77-4DB5B950768C}.Release|iPhoneSimulator.ActiveCfg = Release|Any CPU
		{A0A886CD-402E-400D-9C77-4DB5B950768C}.Release|iPhoneSimulator.Build.0 = Release|Any CPU
		{A0A886CD-402E-400D-9C77-4DB5B950768C}.Release|iPhoneSimulator.Deploy.0 = Release|Any CPU
	EndGlobalSection
	GlobalSection(SolutionProperties) = preSolution
		HideSolutionNode = FALSE
	EndGlobalSection
	GlobalSection(ExtensibilityGlobals) = postSolution
		SolutionGuid = {3B4E2238-2003-4EAE-ACFC-BA1F701BDD2E}
	EndGlobalSection
EndGlobal
